
Microsoft Visual Studio Solution File, Format Version 12.00
# Visual Studio Version 16
VisualStudioVersion = 16.0.30804.86
MinimumVisualStudioVersion = 10.0.40219.1
Project("{FAE04EC0-301F-11D3-BF4B-00C04F79EFBC}") = "Bubble Text", "Bubble Text\Bubble Text.csproj", "{137450A2-91BD-4DC7-857B-58FFE52E7945}"
EndProject
Global
	GlobalSection(SolutionConfigurationPlatforms) = preSolution
		Debug|Any CPU = Debug|Any CPU
		Release|Any CPU = Release|Any CPU
	EndGlobalSection
	GlobalSection(ProjectConfigurationPlatforms) = postSolution
		{137450A2-91BD-4DC7-857B-58FFE52E7945}.Debug|Any CPU.ActiveCfg = Debug|Any CPU
		{137450A2-91BD-4DC7-857B-58FFE52E7945}.Debug|Any CPU.Build.0 = Debug|Any CPU
		{137450A2-91BD-4DC7-857B-58FFE52E7945}.Release|Any CPU.ActiveCfg = Release|Any CPU
		{137450A2-91BD-4DC7-857B-58FFE52E7945}.Release|Any CPU.Build.0 = Release|Any CPU
	EndGlobalSection
	GlobalSection(SolutionProperties) = preSolution
		HideSolutionNode = FALSE
	EndGlobalSection
	GlobalSection(ExtensibilityGlobals) = postSolution
		SolutionGuid = {C5D0CAF5-04E5-455F-A8DD-8AD1DF7BD3B8}
	EndGlobalSection
EndGlobal
